GIT
  remote: https://github.com/vidarh/ruby-x11.git
  revision: f9bb87a32a4e658cd2127cacf5d7a63fb53d98dc
  branch: master
  specs:
    pure-x11 (0.0.15)

GEM
  remote: https://rubygems.org/
  specs:
    drb (2.2.3)
    minitest (6.0.6)
      drb (~> 2.0)
      prism (~> 1.5)
    prism (1.9.0)

PLATFORMS
  x86_64-linux

DEPENDENCIES
  minitest
  pure-x11!

BUNDLED WITH
   2.4.19
